// !$*UTF8*$!
{
	archiveVersion = 1;
	classes = {
	};
	objectVersion = 52;
	objects = {

/* Begin PBXBuildFile section */
		84797B0B26539A95004E60D2 /* User.swift in Sources */ = {isa = PBXBuildFile; fileRef = 84797B0A26539A95004E60D2 /* User.swift */; };
		84797B0D26539B7F004E60D2 /* UserApi.swift in Sources */ = {isa = PBXBuildFile; fileRef = 84797B0C26539B7F004E60D2 /* UserApi.swift */; };
		84797B0F2653A1A9004E60D2 /* MoyaConfig.swift in Sources */ = {isa = PBXBuildFile; fileRef = 84797B0E2653A1A8004E60D2 /* MoyaConfig.swift */; };
		84DBC3FB2606411E00349653 /* SwiftUI_WeiboApp.swift in Sources */ = {isa = PBXBuildFile; fileRef = 84DBC3FA2606411E00349653 /* SwiftUI_WeiboApp.swift */; };
		84DBC3FD2606411E00349653 /* ContentView.swift in Sources */ = {isa = PBXBuildFile; fileRef = 84DBC3FC2606411E00349653 /* ContentView.swift */; };
		84DBC3FF2606411F00349653 /* Assets.xcassets in Resources */ = {isa = PBXBuildFile; fileRef = 84DBC3FE2606411F00349653 /* Assets.xcassets */; };
		84DBC4022606411F00349653 /* Preview Assets.xcassets in Resources */ = {isa = PBXBuildFile; fileRef = 84DBC4012606411F00349653 /* Preview Assets.xcassets */; };
		84DBC40F2606419300349653 /* PostApi.swift in Sources */ = {isa = PBXBuildFile; fileRef = 84DBC40E2606419300349653 /* PostApi.swift */; };
		84DBC413260641B600349653 /* ApiManager.swift in Sources */ = {isa = PBXBuildFile; fileRef = 84DBC412260641B600349653 /* ApiManager.swift */; };
		84DBC417260641EC00349653 /* PostCell.swift in Sources */ = {isa = PBXBuildFile; fileRef = 84DBC416260641EC00349653 /* PostCell.swift */; };
		84DBC41B2606420A00349653 /* Post.swift in Sources */ = {isa = PBXBuildFile; fileRef = 84DBC41A2606420A00349653 /* Post.swift */; };
		84DBC41E2606422400349653 /* PostVIPBadge.swift in Sources */ = {isa = PBXBuildFile; fileRef = 84DBC41D2606422400349653 /* PostVIPBadge.swift */; };
		84DBC422260642BD00349653 /* Moya in Frameworks */ = {isa = PBXBuildFile; productRef = 84DBC421260642BD00349653 /* Moya */; };
		84DBC426260642CD00349653 /* Kingfisher in Frameworks */ = {isa = PBXBuildFile; productRef = 84DBC425260642CD00349653 /* Kingfisher */; };
		84DBC42A260642E300349653 /* HandyJSON in Frameworks */ = {isa = PBXBuildFile; productRef = 84DBC429260642E300349653 /* HandyJSON */; };
/* End PBXBuildFile section */

/* Begin PBXFileReference section */
		84797B0A26539A95004E60D2 /* User.swift */ = {isa = PBXFileReference; lastKnownFileType = sourcecode.swift; path = User.swift; sourceTree = "<group>"; };
		84797B0C26539B7F004E60D2 /* UserApi.swift */ = {isa = PBXFileReference; lastKnownFileType = sourcecode.swift; path = UserApi.swift; sourceTree = "<group>"; };
		84797B0E2653A1A8004E60D2 /* MoyaConfig.swift */ = {isa = PBXFileReference; lastKnownFileType = sourcecode.swift; path = MoyaConfig.swift; sourceTree = "<group>"; };
		84DBC3F72606411E00349653 /* SwiftUI_Weibo.app */ = {isa = PBXFileReference; explicitFileType = wrapper.application; includeInIndex = 0; path = SwiftUI_Weibo.app; sourceTree = BUILT_PRODUCTS_DIR; };
		84DBC3FA2606411E00349653 /* SwiftUI_WeiboApp.swift */ = {isa = PBXFileReference; lastKnownFileType = sourcecode.swift; path = SwiftUI_WeiboApp.swift; sourceTree = "<group>"; };
		84DBC3FC2606411E00349653 /* ContentView.swift */ = {isa = PBXFileReference; lastKnownFileType = sourcecode.swift; path = ContentView.swift; sourceTree = "<group>"; };
		84DBC3FE2606411F00349653 /* Assets.xcassets */ = {isa = PBXFileReference; lastKnownFileType = folder.assetcatalog; path = Assets.xcassets; sourceTree = "<group>"; };
		84DBC4012606411F00349653 /* Preview Assets.xcassets */ = {isa = PBXFileReference; lastKnownFileType = folder.assetcatalog; path = "Preview Assets.xcassets"; sourceTree = "<group>"; };
		84DBC4032606411F00349653 /* Info.plist */ = {isa = PBXFileReference; lastKnownFileType = text.plist.xml; path = Info.plist; sourceTree = "<group>"; };
		84DBC40E2606419300349653 /* PostApi.swift */ = {isa = PBXFileReference; lastKnownFileType = sourcecode.swift; path = PostApi.swift; sourceTree = "<group>"; };
		84DBC412260641B600349653 /* ApiManager.swift */ = {isa = PBXFileReference; lastKnownFileType = sourcecode.swift; path = ApiManager.swift; sourceTree = "<group>"; };
		84DBC416260641EC00349653 /* PostCell.swift */ = {isa = PBXFileReference; lastKnownFileType = sourcecode.swift; path = PostCell.swift; sourceTree = "<group>"; };
		84DBC41A2606420A00349653 /* Post.swift */ = {isa = PBXFileReference; lastKnownFileType = sourcecode.swift; path = Post.swift; sourceTree = "<group>"; };
		84DBC41D2606422400349653 /* PostVIPBadge.swift */ = {isa = PBXFileReference; lastKnownFileType = sourcecode.swift; path = PostVIPBadge.swift; sourceTree = "<group>"; };
/* End PBXFileReference section */

/* Begin PBXFrameworksBuildPhase section */
		84DBC3F42606411E00349653 /* Frameworks */ = {
			isa = PBXFrameworksBuildPhase;
			buildActionMask = 2147483647;
			files = (
				84DBC42A260642E300349653 /* HandyJSON in Frameworks */,
				84DBC426260642CD00349653 /* Kingfisher in Frameworks */,
				84DBC422260642BD00349653 /* Moya in Frameworks */,
			);
			runOnlyForDeploymentPostprocessing = 0;
		};
/* End PBXFrameworksBuildPhase section */

/* Begin PBXGroup section */
		843AF0C72653F4CA002E5BC0 /* Config */ = {
			isa = PBXGroup;
			children = (
				84797B0E2653A1A8004E60D2 /* MoyaConfig.swift */,
				84DBC412260641B600349653 /* ApiManager.swift */,
			);
			path = Config;
			sourceTree = "<group>";
		};
		843AF0C82653F4FC002E5BC0 /* Model */ = {
			isa = PBXGroup;
			children = (
				84DBC41A2606420A00349653 /* Post.swift */,
				84797B0A26539A95004E60D2 /* User.swift */,
			);
			path = Model;
			sourceTree = "<group>";
		};
		84DBC3EE2606411E00349653 = {
			isa = PBXGroup;
			children = (
				84DBC3F92606411E00349653 /* SwiftUI_Weibo */,
				84DBC3F82606411E00349653 /* Products */,
			);
			sourceTree = "<group>";
		};
		84DBC3F82606411E00349653 /* Products */ = {
			isa = PBXGroup;
			children = (
				84DBC3F72606411E00349653 /* SwiftUI_Weibo.app */,
			);
			name = Products;
			sourceTree = "<group>";
		};
		84DBC3F92606411E00349653 /* SwiftUI_Weibo */ = {
			isa = PBXGroup;
			children = (
				843AF0C82653F4FC002E5BC0 /* Model */,
				84DBC415260641D700349653 /* View */,
				84DBC40A2606416B00349653 /* Api */,
				84DBC3FA2606411E00349653 /* SwiftUI_WeiboApp.swift */,
				84DBC3FC2606411E00349653 /* ContentView.swift */,
				84DBC3FE2606411F00349653 /* Assets.xcassets */,
				84DBC4032606411F00349653 /* Info.plist */,
				84DBC4002606411F00349653 /* Preview Content */,
			);
			path = SwiftUI_Weibo;
			sourceTree = "<group>";
		};
		84DBC4002606411F00349653 /* Preview Content */ = {
			isa = PBXGroup;
			children = (
				84DBC4012606411F00349653 /* Preview Assets.xcassets */,
			);
			path = "Preview Content";
			sourceTree = "<group>";
		};
		84DBC40A2606416B00349653 /* Api */ = {
			isa = PBXGroup;
			children = (
				843AF0C72653F4CA002E5BC0 /* Config */,
				84DBC40E2606419300349653 /* PostApi.swift */,
				84797B0C26539B7F004E60D2 /* UserApi.swift */,
			);
			path = Api;
			sourceTree = "<group>";
		};
		84DBC415260641D700349653 /* View */ = {
			isa = PBXGroup;
			children = (
				84DBC416260641EC00349653 /* PostCell.swift */,
				84DBC41D2606422400349653 /* PostVIPBadge.swift */,
			);
			path = View;
			sourceTree = "<group>";
		};
/* End PBXGroup section */

/* Begin PBXNativeTarget section */
		84DBC3F62606411E00349653 /* SwiftUI_Weibo */ = {
			isa = PBXNativeTarget;
			buildConfigurationList = 84DBC4062606411F00349653 /* Build configuration list for PBXNativeTarget "SwiftUI_Weibo" */;
			buildPhases = (
				84DBC3F32606411E00349653 /* Sources */,
				84DBC3F42606411E00349653 /* Frameworks */,
				84DBC3F52606411E00349653 /* Resources */,
			);
			buildRules = (
			);
			dependencies = (
			);
			name = SwiftUI_Weibo;
			packageProductDependencies = (
				84DBC421260642BD00349653 /* Moya */,
				84DBC425260642CD00349653 /* Kingfisher */,
				84DBC429260642E300349653 /* HandyJSON */,
			);
			productName = SwiftUI_Weibo;
			productReference = 84DBC3F72606411E00349653 /* SwiftUI_Weibo.app */;
			productType = "com.apple.product-type.application";
		};
/* End PBXNativeTarget section */

/* Begin PBXProject section */
		84DBC3EF2606411E00349653 /* Project object */ = {
			isa = PBXProject;
			attributes = {
				LastSwiftUpdateCheck = 1240;
				LastUpgradeCheck = 1240;
				TargetAttributes = {
					84DBC3F62606411E00349653 = {
						CreatedOnToolsVersion = 12.4;
					};
				};
			};
			buildConfigurationList = 84DBC3F22606411E00349653 /* Build configuration list for PBXProject "SwiftUI_Weibo" */;
			compatibilityVersion = "Xcode 9.3";
			developmentRegion = en;
			hasScannedForEncodings = 0;
			knownRegions = (
				en,
				Base,
			);
			mainGroup = 84DBC3EE2606411E00349653;
			packageReferences = (
				84DBC420260642BD00349653 /* XCRemoteSwiftPackageReference "Moya" */,
				84DBC424260642CD00349653 /* XCRemoteSwiftPackageReference "Kingfisher" */,
				84DBC428260642E300349653 /* XCRemoteSwiftPackageReference "HandyJSON" */,
			);
			productRefGroup = 84DBC3F82606411E00349653 /* Products */;
			projectDirPath = "";
			projectRoot = "";
			targets = (
				84DBC3F62606411E00349653 /* SwiftUI_Weibo */,
			);
		};
/* End PBXProject section */

/* Begin PBXResourcesBuildPhase section */
		84DBC3F52606411E00349653 /* Resources */ = {
			isa = PBXResourcesBuildPhase;
			buildActionMask = 2147483647;
			files = (
				84DBC4022606411F00349653 /* Preview Assets.xcassets in Resources */,
				84DBC3FF2606411F00349653 /* Assets.xcassets in Resources */,
			);
			runOnlyForDeploymentPostprocessing = 0;
		};
/* End PBXResourcesBuildPhase section */

/* Begin PBXSourcesBuildPhase section */
		84DBC3F32606411E00349653 /* Sources */ = {
			isa = PBXSourcesBuildPhase;
			buildActionMask = 2147483647;
			files = (
				84DBC413260641B600349653 /* ApiManager.swift in Sources */,
				84DBC3FD2606411E00349653 /* ContentView.swift in Sources */,
				84DBC40F2606419300349653 /* PostApi.swift in Sources */,
				84DBC41B2606420A00349653 /* Post.swift in Sources */,
				84797B0B26539A95004E60D2 /* User.swift in Sources */,
				84797B0F2653A1A9004E60D2 /* MoyaConfig.swift in Sources */,
				84DBC3FB2606411E00349653 /* SwiftUI_WeiboApp.swift in Sources */,
				84797B0D26539B7F004E60D2 /* UserApi.swift in Sources */,
				84DBC417260641EC00349653 /* PostCell.swift in Sources */,
				84DBC41E2606422400349653 /* PostVIPBadge.swift in Sources */,
			);
			runOnlyForDeploymentPostprocessing = 0;
		};
/* End PBXSourcesBuildPhase section */

/* Begin XCBuildConfiguration section */
		84DBC4042606411F00349653 /* Debug */ = {
			isa = XCBuildConfiguration;
			buildSettings = {
				ALWAYS_SEARCH_USER_PATHS = NO;
				CLANG_ANALYZER_NONNULL = YES;
				CLANG_ANALYZER_NUMBER_OBJECT_CONVERSION = YES_AGGRESSIVE;
				CLANG_CXX_LANGUAGE_STANDARD = "gnu++14";
				CLANG_CXX_LIBRARY = "libc++";
				CLANG_ENABLE_MODULES = YES;
				CLANG_ENABLE_OBJC_ARC = YES;
				CLANG_ENABLE_OBJC_WEAK = YES;
				CLANG_WARN_BLOCK_CAPTURE_AUTORELEASING = YES;
				CLANG_WARN_BOOL_CONVERSION = YES;
				CLANG_WARN_COMMA = YES;
				CLANG_WARN_CONSTANT_CONVERSION = YES;
				CLANG_WARN_DEPRECATED_OBJC_IMPLEMENTATIONS = YES;
				CLANG_WARN_DIRECT_OBJC_ISA_USAGE = YES_ERROR;
				CLANG_WARN_DOCUMENTATION_COMMENTS = YES;
				CLANG_WARN_EMPTY_BODY = YES;
				CLANG_WARN_ENUM_CONVERSION = YES;
				CLANG_WARN_INFINITE_RECURSION = YES;
				CLANG_WARN_INT_CONVERSION = YES;
				CLANG_WARN_NON_LITERAL_NULL_CONVERSION = YES;
				CLANG_WARN_OBJC_IMPLICIT_RETAIN_SELF = YES;
				CLANG_WARN_OBJC_LITERAL_CONVERSION = YES;
				CLANG_WARN_OBJC_ROOT_CLASS = YES_ERROR;
				CLANG_WARN_QUOTED_INCLUDE_IN_FRAMEWORK_HEADER = YES;
				CLANG_WARN_RANGE_LOOP_ANALYSIS = YES;
				CLANG_WARN_STRICT_PROTOTYPES = YES;
				CLANG_WARN_SUSPICIOUS_MOVE = YES;
				CLANG_WARN_UNGUARDED_AVAILABILITY = YES_AGGRESSIVE;
				CLANG_WARN_UNREACHABLE_CODE = YES;
				CLANG_WARN__DUPLICATE_METHOD_MATCH = YES;
				COPY_PHASE_STRIP = NO;
				DEBUG_INFORMATION_FORMAT = dwarf;
				ENABLE_STRICT_OBJC_MSGSEND = YES;
				ENABLE_TESTABILITY = YES;
				GCC_C_LANGUAGE_STANDARD = gnu11;
				GCC_DYNAMIC_NO_PIC = NO;
				GCC_NO_COMMON_BLOCKS = YES;
				GCC_OPTIMIZATION_LEVEL = 0;
				GCC_PREPROCESSOR_DEFINITIONS = (
					"DEBUG=1",
					"$(inherited)",
				);
				GCC_WARN_64_TO_32_BIT_CONVERSION = YES;
				GCC_WARN_ABOUT_RETURN_TYPE = YES_ERROR;
				GCC_WARN_UNDECLARED_SELECTOR = YES;
				GCC_WARN_UNINITIALIZED_AUTOS = YES_AGGRESSIVE;
				GCC_WARN_UNUSED_FUNCTION = YES;
				GCC_WARN_UNUSED_VARIABLE = YES;
				IPHONEOS_DEPLOYMENT_TARGET = 14.4;
				MTL_ENABLE_DEBUG_INFO = INCLUDE_SOURCE;
				MTL_FAST_MATH = YES;
				ONLY_ACTIVE_ARCH = YES;
				SDKROOT = iphoneos;
				SWIFT_ACTIVE_COMPILATION_CONDITIONS = DEBUG;
				SWIFT_OPTIMIZATION_LEVEL = "-Onone";
			};
			name = Debug;
		};
		84DBC4052606411F00349653 /* Release */ = {
			isa = XCBuildConfiguration;
			buildSettings = {
				ALWAYS_SEARCH_USER_PATHS = NO;
				CLANG_ANALYZER_NONNULL = YES;
				CLANG_ANALYZER_NUMBER_OBJECT_CONVERSION = YES_AGGRESSIVE;
				CLANG_CXX_LANGUAGE_STANDARD = "gnu++14";
				CLANG_CXX_LIBRARY = "libc++";
				CLANG_ENABLE_MODULES = YES;
				CLANG_ENABLE_OBJC_ARC = YES;
				CLANG_ENABLE_OBJC_WEAK = YES;
				CLANG_WARN_BLOCK_CAPTURE_AUTORELEASING = YES;
				CLANG_WARN_BOOL_CONVERSION = YES;
				CLANG_WARN_COMMA = YES;
				CLANG_WARN_CONSTANT_CONVERSION = YES;
				CLANG_WARN_DEPRECATED_OBJC_IMPLEMENTATIONS = YES;
				CLANG_WARN_DIRECT_OBJC_ISA_USAGE = YES_ERROR;
				CLANG_WARN_DOCUMENTATION_COMMENTS = YES;
				CLANG_WARN_EMPTY_BODY = YES;
				CLANG_WARN_ENUM_CONVERSION = YES;
				CLANG_WARN_INFINITE_RECURSION = YES;
				CLANG_WARN_INT_CONVERSION = YES;
				CLANG_WARN_NON_LITERAL_NULL_CONVERSION = YES;
				CLANG_WARN_OBJC_IMPLICIT_RETAIN_SELF = YES;
				CLANG_WARN_OBJC_LITERAL_CONVERSION = YES;
				CLANG_WARN_OBJC_ROOT_CLASS = YES_ERROR;
				CLANG_WARN_QUOTED_INCLUDE_IN_FRAMEWORK_HEADER = YES;
				CLANG_WARN_RANGE_LOOP_ANALYSIS = YES;
				CLANG_WARN_STRICT_PROTOTYPES = YES;
				CLANG_WARN_SUSPICIOUS_MOVE = YES;
				CLANG_WARN_UNGUARDED_AVAILABILITY = YES_AGGRESSIVE;
				CLANG_WARN_UNREACHABLE_CODE = YES;
				CLANG_WARN__DUPLICATE_METHOD_MATCH = YES;
				COPY_PHASE_STRIP = NO;
				DEBUG_INFORMATION_FORMAT = "dwarf-with-dsym";
				ENABLE_NS_ASSERTIONS = NO;
				ENABLE_STRICT_OBJC_MSGSEND = YES;
				GCC_C_LANGUAGE_STANDARD = gnu11;
				GCC_NO_COMMON_BLOCKS = YES;
				GCC_WARN_64_TO_32_BIT_CONVERSION = YES;
				GCC_WARN_ABOUT_RETURN_TYPE = YES_ERROR;
				GCC_WARN_UNDECLARED_SELECTOR = YES;
				GCC_WARN_UNINITIALIZED_AUTOS = YES_AGGRESSIVE;
				GCC_WARN_UNUSED_FUNCTION = YES;
				GCC_WARN_UNUSED_VARIABLE = YES;
				IPHONEOS_DEPLOYMENT_TARGET = 14.4;
				MTL_ENABLE_DEBUG_INFO = NO;
				MTL_FAST_MATH = YES;
				SDKROOT = iphoneos;
				SWIFT_COMPILATION_MODE = wholemodule;
				SWIFT_OPTIMIZATION_LEVEL = "-O";
				VALIDATE_PRODUCT = YES;
			};
			name = Release;
		};
		84DBC4072606411F00349653 /* Debug */ = {
			isa = XCBuildConfiguration;
			buildSettings = {
				ASSETCATALOG_COMPILER_APPICON_NAME = AppIcon;
				ASSETCATALOG_COMPILER_GLOBAL_ACCENT_COLOR_NAME = AccentColor;
				CODE_SIGN_STYLE = Automatic;
				DEVELOPMENT_ASSET_PATHS = "\"SwiftUI_Weibo/Preview Content\"";
				DEVELOPMENT_TEAM = A7R75DBT84;
				ENABLE_PREVIEWS = YES;
				INFOPLIST_FILE = SwiftUI_Weibo/Info.plist;
				IPHONEOS_DEPLOYMENT_TARGET = 14.0;
				LD_RUNPATH_SEARCH_PATHS = (
					"$(inherited)",
					"@executable_path/Frameworks",
				);
				PRODUCT_BUNDLE_IDENTIFIER = "com.dxk.SwiftUI-Weibo";
				PRODUCT_NAME = "$(TARGET_NAME)";
				SWIFT_VERSION = 5.0;
				TARGETED_DEVICE_FAMILY = "1,2";
			};
			name = Debug;
		};
		84DBC4082606411F00349653 /* Release */ = {
			isa = XCBuildConfiguration;
			buildSettings = {
				ASSETCATALOG_COMPILER_APPICON_NAME = AppIcon;
				ASSETCATALOG_COMPILER_GLOBAL_ACCENT_COLOR_NAME = AccentColor;
				CODE_SIGN_STYLE = Automatic;
				DEVELOPMENT_ASSET_PATHS = "\"SwiftUI_Weibo/Preview Content\"";
				DEVELOPMENT_TEAM = A7R75DBT84;
				ENABLE_PREVIEWS = YES;
				INFOPLIST_FILE = SwiftUI_Weibo/Info.plist;
				IPHONEOS_DEPLOYMENT_TARGET = 14.0;
				LD_RUNPATH_SEARCH_PATHS = (
					"$(inherited)",
					"@executable_path/Frameworks",
				);
				PRODUCT_BUNDLE_IDENTIFIER = "com.dxk.SwiftUI-Weibo";
				PRODUCT_NAME = "$(TARGET_NAME)";
				SWIFT_VERSION = 5.0;
				TARGETED_DEVICE_FAMILY = "1,2";
			};
			name = Release;
		};
/* End XCBuildConfiguration section */

/* Begin XCConfigurationList section */
		84DBC3F22606411E00349653 /* Build configuration list for PBXProject "SwiftUI_Weibo" */ = {
			isa = XCConfigurationList;
			buildConfigurations = (
				84DBC4042606411F00349653 /* Debug */,
				84DBC4052606411F00349653 /* Release */,
			);
			defaultConfigurationIsVisible = 0;
			defaultConfigurationName = Release;
		};
		84DBC4062606411F00349653 /* Build configuration list for PBXNativeTarget "SwiftUI_Weibo" */ = {
			isa = XCConfigurationList;
			buildConfigurations = (
				84DBC4072606411F00349653 /* Debug */,
				84DBC4082606411F00349653 /* Release */,
			);
			defaultConfigurationIsVisible = 0;
			defaultConfigurationName = Release;
		};
/* End XCConfigurationList section */

/* Begin XCRemoteSwiftPackageReference section */
		84DBC420260642BD00349653 /* XCRemoteSwiftPackageReference "Moya" */ = {
			isa = XCRemoteSwiftPackageReference;
			repositoryURL = "https://github.com/Moya/Moya.git";
			requirement = {
				kind = upToNextMajorVersion;
				minimumVersion = 14.0.1;
			};
		};
		84DBC424260642CD00349653 /* XCRemoteSwiftPackageReference "Kingfisher" */ = {
			isa = XCRemoteSwiftPackageReference;
			repositoryURL = "https://github.com/onevcat/Kingfisher.git";
			requirement = {
				kind = upToNextMajorVersion;
				minimumVersion = 6.2.1;
			};
		};
		84DBC428260642E300349653 /* XCRemoteSwiftPackageReference "HandyJSON" */ = {
			isa = XCRemoteSwiftPackageReference;
			repositoryURL = "https://github.com/alibaba/HandyJSON.git";
			requirement = {
				kind = upToNextMajorVersion;
				minimumVersion = 5.0.2;
			};
		};
/* End XCRemoteSwiftPackageReference section */

/* Begin XCSwiftPackageProductDependency section */
		84DBC421260642BD00349653 /* Moya */ = {
			isa = XCSwiftPackageProductDependency;
			package = 84DBC420260642BD00349653 /* XCRemoteSwiftPackageReference "Moya" */;
			productName = Moya;
		};
		84DBC425260642CD00349653 /* Kingfisher */ = {
			isa = XCSwiftPackageProductDependency;
			package = 84DBC424260642CD00349653 /* XCRemoteSwiftPackageReference "Kingfisher" */;
			productName = Kingfisher;
		};
		84DBC429260642E300349653 /* HandyJSON */ = {
			isa = XCSwiftPackageProductDependency;
			package = 84DBC428260642E300349653 /* XCRemoteSwiftPackageReference "HandyJSON" */;
			productName = HandyJSON;
		};
/* End XCSwiftPackageProductDependency section */
	};
	rootObject = 84DBC3EF2606411E00349653 /* Project object */;
}
